
Microsoft Visual Studio Solution File, Format Version 12.00
# Visual Studio Version 17
VisualStudioVersion = 17.6.33723.286
MinimumVisualStudioVersion = 10.0.40219.1
Project("{FAE04EC0-301F-11D3-BF4B-00C04F79EFBC}") = "Fesco_Inventory", "Fesco_Inventory.csproj", "{3221C8BE-2C46-4C6A-B9FE-B10E291EF1AB}"
EndProject
Global
	GlobalSection(SolutionConfigurationPlatforms) = preSolution
		Debug|Any CPU = Debug|Any CPU
		Release|Any CPU = Release|Any CPU
	EndGlobalSection
	GlobalSection(ProjectConfigurationPlatforms) = postSolution
		{3221C8BE-2C46-4C6A-B9FE-B10E291EF1AB}.Debug|Any CPU.ActiveCfg = Debug|Any CPU
		{3221C8BE-2C46-4C6A-B9FE-B10E291EF1AB}.Debug|Any CPU.Build.0 = Debug|Any CPU
		{3221C8BE-2C46-4C6A-B9FE-B10E291EF1AB}.Release|Any CPU.ActiveCfg = Release|Any CPU
		{3221C8BE-2C46-4C6A-B9FE-B10E291EF1AB}.Release|Any CPU.Build.0 = Release|Any CPU
	EndGlobalSection
	GlobalSection(SolutionProperties) = preSolution
		HideSolutionNode = FALSE
	EndGlobalSection
	GlobalSection(ExtensibilityGlobals) = postSolution
		SolutionGuid = {841AE9A4-76C3-4872-87A7-898A1FCB526E}
	EndGlobalSection
EndGlobal
